
Microsoft Visual Studio Solution File, Format Version 12.00
# Visual Studio 15
VisualStudioVersion = 15.0.28307.329
MinimumVisualStudioVersion = 10.0.40219.1
Project("{8BC9CEB8-8B4A-11D0-8D11-00A0C91BC942}") = "KSE", "KSE\KSE.vcxproj", "{609F32F5-0926-4415-B20C-6F50B3344626}"
EndProject
Project("{FAE04EC0-301F-11D3-BF4B-00C04F79EFBC}") = "KSE Installer", "KSE Installer\KSE Installer.csproj", "{777286A1-AB79-4279-9471-53F4A84A3C67}"
EndProject
Global
	GlobalSection(SolutionConfigurationPlatforms) = preSolution
		Debug|Any CPU = Debug|Any CPU
		Debug|x64 = Debug|x64
		Debug|x86 = Debug|x86
		Release|Any CPU = Release|Any CPU
		Release|x64 = Release|x64
		Release|x86 = Release|x86
	EndGlobalSection
	GlobalSection(ProjectConfigurationPlatforms) = postSolution
		{609F32F5-0926-4415-B20C-6F50B3344626}.Debug|Any CPU.ActiveCfg = Debug|Win32
		{609F32F5-0926-4415-B20C-6F50B3344626}.Debug|x64.ActiveCfg = Debug|x64
		{609F32F5-0926-4415-B20C-6F50B3344626}.Debug|x64.Build.0 = Debug|x64
		{609F32F5-0926-4415-B20C-6F50B3344626}.Debug|x86.ActiveCfg = Debug|Win32
		{609F32F5-0926-4415-B20C-6F50B3344626}.Debug|x86.Build.0 = Debug|Win32
		{609F32F5-0926-4415-B20C-6F50B3344626}.Release|Any CPU.ActiveCfg = Release|Win32
		{609F32F5-0926-4415-B20C-6F50B3344626}.Release|x64.ActiveCfg = Release|x64
		{609F32F5-0926-4415-B20C-6F50B3344626}.Release|x64.Build.0 = Release|x64
		{609F32F5-0926-4415-B20C-6F50B3344626}.Release|x86.ActiveCfg = Release|Win32
		{609F32F5-0926-4415-B20C-6F50B3344626}.Release|x86.Build.0 = Release|Win32
		{777286A1-AB79-4279-9471-53F4A84A3C67}.Debug|Any CPU.ActiveCfg = Debug|Any CPU
		{777286A1-AB79-4279-9471-53F4A84A3C67}.Debug|Any CPU.Build.0 = Debug|Any CPU
		{777286A1-AB79-4279-9471-53F4A84A3C67}.Debug|x64.ActiveCfg = Debug|Any CPU
		{777286A1-AB79-4279-9471-53F4A84A3C67}.Debug|x64.Build.0 = Debug|Any CPU
		{777286A1-AB79-4279-9471-53F4A84A3C67}.Debug|x86.ActiveCfg = Debug|Any CPU
		{777286A1-AB79-4279-9471-53F4A84A3C67}.Debug|x86.Build.0 = Debug|Any CPU
		{777286A1-AB79-4279-9471-53F4A84A3C67}.Release|Any CPU.ActiveCfg = Release|Any CPU
		{777286A1-AB79-4279-9471-53F4A84A3C67}.Release|Any CPU.Build.0 = Release|Any CPU
		{777286A1-AB79-4279-9471-53F4A84A3C67}.Release|x64.ActiveCfg = Release|Any CPU
		{777286A1-AB79-4279-9471-53F4A84A3C67}.Release|x64.Build.0 = Release|Any CPU
		{777286A1-AB79-4279-9471-53F4A84A3C67}.Release|x86.ActiveCfg = Release|Any CPU
		{777286A1-AB79-4279-9471-53F4A84A3C67}.Release|x86.Build.0 = Release|Any CPU
	EndGlobalSection
	GlobalSection(SolutionProperties) = preSolution
		HideSolutionNode = FALSE
	EndGlobalSection
	GlobalSection(ExtensibilityGlobals) = postSolution
		SolutionGuid = {FBBD5E86-DA43-458B-B67F-AB3A470AA447}
	EndGlobalSection
EndGlobal
